
Microsoft Visual Studio Solution File, Format Version 12.00
# Visual Studio Version 17
VisualStudioVersion = 17.8.34322.80
MinimumVisualStudioVersion = 10.0.40219.1
Project("{FAE04EC0-301F-11D3-BF4B-00C04F79EFBC}") = "Draft", "Draft\Draft.csproj", "{441B5C5A-5981-4927-8B8E-AF1357B4309A}"
EndProject
Global
	GlobalSection(SolutionConfigurationPlatforms) = preSolution
		Debug|Any CPU = Debug|Any CPU
		Release|Any CPU = Release|Any CPU
	EndGlobalSection
	GlobalSection(ProjectConfigurationPlatforms) = postSolution
		{441B5C5A-5981-4927-8B8E-AF1357B4309A}.Debug|Any CPU.ActiveCfg = Debug|Any CPU
		{441B5C5A-5981-4927-8B8E-AF1357B4309A}.Debug|Any CPU.Build.0 = Debug|Any CPU
		{441B5C5A-5981-4927-8B8E-AF1357B4309A}.Debug|Any CPU.Deploy.0 = Debug|Any CPU
		{441B5C5A-5981-4927-8B8E-AF1357B4309A}.Release|Any CPU.ActiveCfg = Release|Any CPU
		{441B5C5A-5981-4927-8B8E-AF1357B4309A}.Release|Any CPU.Build.0 = Release|Any CPU
		{441B5C5A-5981-4927-8B8E-AF1357B4309A}.Release|Any CPU.Deploy.0 = Release|Any CPU
	EndGlobalSection
	GlobalSection(SolutionProperties) = preSolution
		HideSolutionNode = FALSE
	EndGlobalSection
	GlobalSection(ExtensibilityGlobals) = postSolution
		SolutionGuid = {8C12A379-8667-4A56-8D36-BB6E3A7D9BD3}
	EndGlobalSection
EndGlobal
